
Microsoft Visual Studio Solution File, Format Version 12.00
# Visual Studio Version 16
VisualStudioVersion = 16.0.31321.278
MinimumVisualStudioVersion = 10.0.40219.1
Project("{FAE04EC0-301F-11D3-BF4B-00C04F79EFBC}") = "GuthubPipeline", "GuthubPipeline\GuthubPipeline.csproj", "{4406F2F9-D0BB-45CB-8868-491C4E53C672}"
EndProject
Global
	GlobalSection(SolutionConfigurationPlatforms) = preSolution
		Debug|Any CPU = Debug|Any CPU
		Release|Any CPU = Release|Any CPU
	EndGlobalSection
	GlobalSection(ProjectConfigurationPlatforms) = postSolution
		{4406F2F9-D0BB-45CB-8868-491C4E53C672}.Debug|Any CPU.ActiveCfg = Debug|Any CPU
		{4406F2F9-D0BB-45CB-8868-491C4E53C672}.Debug|Any CPU.Build.0 = Debug|Any CPU
		{4406F2F9-D0BB-45CB-8868-491C4E53C672}.Release|Any CPU.ActiveCfg = Release|Any CPU
		{4406F2F9-D0BB-45CB-8868-491C4E53C672}.Release|Any CPU.Build.0 = Release|Any CPU
	EndGlobalSection
	GlobalSection(SolutionProperties) = preSolution
		HideSolutionNode = FALSE
	EndGlobalSection
	GlobalSection(ExtensibilityGlobals) = postSolution
		SolutionGuid = {8387A2F1-4CEB-454A-A291-31A168B28B4E}
	EndGlobalSection
EndGlobal
